
Microsoft Visual Studio Solution File, Format Version 12.00
# Visual Studio 2017
Project("{FAE04EC0-301F-11D3-BF4B-00C04F79EFBC}") = "Kumaramanivel_Project3", "Kumaramanivel_Project3.csproj", "{F295FAE3-D99B-7C55-D823-773820D16586}"
EndProject
Project("{FAE04EC0-301F-11D3-BF4B-00C04F79EFBC}") = "Kumaramanivel_Project3.Editor", "Kumaramanivel_Project3.Editor.csproj", "{D81819F2-8AD5-1DED-767D-FD0F6B94BBA1}"
EndProject
Global
	GlobalSection(SolutionConfigurationPlatforms) = preSolution
		Debug|Any CPU = Debug|Any CPU
		Release|Any CPU = Release|Any CPU
	EndGlobalSection
	GlobalSection(ProjectConfigurationPlatforms) = postSolution
		{F295FAE3-D99B-7C55-D823-773820D16586}.Debug|Any CPU.ActiveCfg = Debug|Any CPU
		{F295FAE3-D99B-7C55-D823-773820D16586}.Debug|Any CPU.Build.0 = Debug|Any CPU
		{F295FAE3-D99B-7C55-D823-773820D16586}.Release|Any CPU.ActiveCfg = Release|Any CPU
		{F295FAE3-D99B-7C55-D823-773820D16586}.Release|Any CPU.Build.0 = Release|Any CPU
		{D81819F2-8AD5-1DED-767D-FD0F6B94BBA1}.Debug|Any CPU.ActiveCfg = Debug|Any CPU
		{D81819F2-8AD5-1DED-767D-FD0F6B94BBA1}.Debug|Any CPU.Build.0 = Debug|Any CPU
		{D81819F2-8AD5-1DED-767D-FD0F6B94BBA1}.Release|Any CPU.ActiveCfg = Release|Any CPU
		{D81819F2-8AD5-1DED-767D-FD0F6B94BBA1}.Release|Any CPU.Build.0 = Release|Any CPU
	EndGlobalSection
	GlobalSection(SolutionProperties) = preSolution
		HideSolutionNode = FALSE
	EndGlobalSection
EndGlobal
